<?xml version="1.0" encoding="utf-8"?>
<Project ToolsVersion="4.0" xmlns="http://schemas.microsoft.com/developer/msbuild/2003">
  <ItemGroup>
    <Filter Include="소스 파일">
      <UniqueIdentifier>{4FC737F1-C7A5-4376-A066-2A32D752A2FF}</UniqueIdentifier>
      <Extensions>cpp;c;cc;cxx;c++;cppm;ixx;def;odl;idl;hpj;bat;asm;asmx</Extensions>
    </Filter>
    <Filter Include="헤더 파일">
      <UniqueIdentifier>{93995380-89BD-4b04-88EB-625FBE52EBFB}</UniqueIdentifier>
      <Extensions>h;hh;hpp;hxx;h++;hm;inl;inc;ipp;xsd</Extensions>
    </Filter>
    <Filter Include="리소스 파일">
      <UniqueIdentifier>{67DA6AB6-F800-4c08-8B7A-83BB121AAD01}</UniqueIdentifier>
      <Extensions>rc;ico;cur;bmp;dlg;rc2;rct;bin;rgs;gif;jpg;jpeg;jpe;resx;tiff;tif;png;wav;mfcribbon-ms</Extensions>
    </Filter>
    <Filter Include="01. GameManager">
      <UniqueIdentifier>{606bcee5-96b4-4930-ba29-a0ad7c5195fc}</UniqueIdentifier>
    </Filter>
    <Filter Include="02. Level">
      <UniqueIdentifier>{0645b0ed-6012-441d-8787-75ca6be9c281}</UniqueIdentifier>
    </Filter>
    <Filter Include="01. GameManager\01. Timer">
      <UniqueIdentifier>{daa06b8e-515e-4cd8-8dd8-14c6667ea177}</UniqueIdentifier>
    </Filter>
    <Filter Include="03. Object">
      <UniqueIdentifier>{5c20c5cb-25af-4570-858d-5f7f48799cd5}</UniqueIdentifier>
    </Filter>
    <Filter Include="03. Object\01. Character">
      <UniqueIdentifier>{6d5bb630-8daf-45ba-8f73-e607b3898755}</UniqueIdentifier>
    </Filter>
    <Filter Include="03. Object\02. Bullet">
      <UniqueIdentifier>{d705a1c8-1af3-4d4d-9168-d8edc5233f26}</UniqueIdentifier>
    </Filter>
  </ItemGroup>
  <ItemGroup>
    <ClCompile Include="main.cpp">
      <Filter>소스 파일</Filter>
    </ClCompile>
    <ClCompile Include="GameManager.cpp">
      <Filter>01. GameManager</Filter>
    </ClCompile>
    <ClCompile Include="Level\LevelManager.cpp">
      <Filter>02. Level</Filter>
    </ClCompile>
    <ClCompile Include="Level\Level.cpp">
      <Filter>02. Level</Filter>
    </ClCompile>
    <ClCompile Include="Level\MainLevel.cpp">
      <Filter>02. Level</Filter>
    </ClCompile>
    <ClCompile Include="Timer.cpp">
      <Filter>01. GameManager\01. Timer</Filter>
    </ClCompile>
    <ClCompile Include="Object\Object.cpp">
      <Filter>03. Object</Filter>
    </ClCompile>
    <ClCompile Include="Object\Player.cpp">
      <Filter>03. Object\01. Character</Filter>
    </ClCompile>
    <ClCompile Include="Object\Character.cpp">
      <Filter>03. Object\01. Character</Filter>
    </ClCompile>
    <ClCompile Include="Object\Monster.cpp">
      <Filter>03. Object\01. Character</Filter>
    </ClCompile>
  </ItemGroup>
  <ItemGroup>
    <ClInclude Include="GameInfo.h">
      <Filter>헤더 파일</Filter>
    </ClInclude>
    <ClInclude Include="resource.h">
      <Filter>헤더 파일</Filter>
    </ClInclude>
    <ClInclude Include="GameManager.h">
      <Filter>01. GameManager</Filter>
    </ClInclude>
    <ClInclude Include="Level\LevelManager.h">
      <Filter>02. Level</Filter>
    </ClInclude>
    <ClInclude Include="Level\Level.h">
      <Filter>02. Level</Filter>
    </ClInclude>
    <ClInclude Include="Level\MainLevel.h">
      <Filter>02. Level</Filter>
    </ClInclude>
    <ClInclude Include="Timer.h">
      <Filter>01. GameManager\01. Timer</Filter>
    </ClInclude>
    <ClInclude Include="Object\Object.h">
      <Filter>03. Object</Filter>
    </ClInclude>
    <ClInclude Include="Object\Character.h">
      <Filter>03. Object\01. Character</Filter>
    </ClInclude>
    <ClInclude Include="Object\Player.h">
      <Filter>03. Object\01. Character</Filter>
    </ClInclude>
    <ClInclude Include="Object\Monster.h">
      <Filter>03. Object\01. Character</Filter>
    </ClInclude>
  </ItemGroup>
  <ItemGroup>
    <Image Include="icon1.ico">
      <Filter>리소스 파일</Filter>
    </Image>
  </ItemGroup>
  <ItemGroup>
    <ResourceCompile Include="0808_Framework.rc">
      <Filter>리소스 파일</Filter>
    </ResourceCompile>
  </ItemGroup>
</Project>