
Microsoft Visual Studio Solution File, Format Version 12.00
# Visual Studio Version 17
VisualStudioVersion = 17.6.33815.320
MinimumVisualStudioVersion = 10.0.40219.1
Project("{8BC9CEB8-8B4A-11D0-8D11-00A0C91BC942}") = "0720", "0720\0720.vcxproj", "{E5CBAA1F-C007-4C7E-A10A-C57F01BC95F1}"
EndProject
Global
	GlobalSection(SolutionConfigurationPlatforms) = preSolution
		Debug|x64 = Debug|x64
		Debug|x86 = Debug|x86
		Release|x64 = Release|x64
		Release|x86 = Release|x86
	EndGlobalSection
	GlobalSection(ProjectConfigurationPlatforms) = postSolution
		{E5CBAA1F-C007-4C7E-A10A-C57F01BC95F1}.Debug|x64.ActiveCfg = Debug|x64
		{E5CBAA1F-C007-4C7E-A10A-C57F01BC95F1}.Debug|x64.Build.0 = Debug|x64
		{E5CBAA1F-C007-4C7E-A10A-C57F01BC95F1}.Debug|x86.ActiveCfg = Debug|Win32
		{E5CBAA1F-C007-4C7E-A10A-C57F01BC95F1}.Debug|x86.Build.0 = Debug|Win32
		{E5CBAA1F-C007-4C7E-A10A-C57F01BC95F1}.Release|x64.ActiveCfg = Release|x64
		{E5CBAA1F-C007-4C7E-A10A-C57F01BC95F1}.Release|x64.Build.0 = Release|x64
		{E5CBAA1F-C007-4C7E-A10A-C57F01BC95F1}.Release|x86.ActiveCfg = Release|Win32
		{E5CBAA1F-C007-4C7E-A10A-C57F01BC95F1}.Release|x86.Build.0 = Release|Win32
	EndGlobalSection
	GlobalSection(SolutionProperties) = preSolution
		HideSolutionNode = FALSE
	EndGlobalSection
	GlobalSection(ExtensibilityGlobals) = postSolution
		SolutionGuid = {C730D796-BB86-4944-9AC6-3FCFD3121DB2}
	EndGlobalSection
EndGlobal
